
Microsoft Visual Studio Solution File, Format Version 12.00
# Visual Studio 14
VisualStudioVersion = 14.0.25420.1
MinimumVisualStudioVersion = 10.0.40219.1
Project("{FAE04EC0-301F-11D3-BF4B-00C04F79EFBC}") = "SalaryCalculator", "SalaryCalculator\SalaryCalculator.csproj", "{562897CB-5169-4F70-AAA5-5B402F855BAA}"
EndProject
Project("{FAE04EC0-301F-11D3-BF4B-00C04F79EFBC}") = "UnitTestSalaryCalculator", "UnitTestSalaryCalculator\UnitTestSalaryCalculator.csproj", "{8376F5FA-516C-40EE-89FC-210D21508819}"
EndProject
Global
	GlobalSection(SolutionConfigurationPlatforms) = preSolution
		Debug|Any CPU = Debug|Any CPU
		Release|Any CPU = Release|Any CPU
	EndGlobalSection
	GlobalSection(ProjectConfigurationPlatforms) = postSolution
		{562897CB-5169-4F70-AAA5-5B402F855BAA}.Debug|Any CPU.ActiveCfg = Debug|Any CPU
		{562897CB-5169-4F70-AAA5-5B402F855BAA}.Debug|Any CPU.Build.0 = Debug|Any CPU
		{562897CB-5169-4F70-AAA5-5B402F855BAA}.Release|Any CPU.ActiveCfg = Release|Any CPU
		{562897CB-5169-4F70-AAA5-5B402F855BAA}.Release|Any CPU.Build.0 = Release|Any CPU
		{8376F5FA-516C-40EE-89FC-210D21508819}.Debug|Any CPU.ActiveCfg = Debug|Any CPU
		{8376F5FA-516C-40EE-89FC-210D21508819}.Debug|Any CPU.Build.0 = Debug|Any CPU
		{8376F5FA-516C-40EE-89FC-210D21508819}.Release|Any CPU.ActiveCfg = Release|Any CPU
		{8376F5FA-516C-40EE-89FC-210D21508819}.Release|Any CPU.Build.0 = Release|Any CPU
	EndGlobalSection
	GlobalSection(SolutionProperties) = preSolution
		HideSolutionNode = FALSE
	EndGlobalSection
EndGlobal
